
Microsoft Visual Studio Solution File, Format Version 12.00
# Visual Studio 15
Project("{FAE04EC0-301F-11D3-BF4B-00C04F79EFBC}") = "Fungus", "Fungus.csproj", "{55E97631-27B4-5169-4B85-6BD642651F93}"
EndProject
Project("{FAE04EC0-301F-11D3-BF4B-00C04F79EFBC}") = "FungusExamples", "FungusExamples.csproj", "{1AD4158D-15AD-68C9-363E-26D1DE9018CD}"
EndProject
Project("{FAE04EC0-301F-11D3-BF4B-00C04F79EFBC}") = "Assembly-CSharp", "Assembly-CSharp.csproj", "{CCE6FA62-857E-99D4-408C-638700D6F09F}"
EndProject
Project("{FAE04EC0-301F-11D3-BF4B-00C04F79EFBC}") = "Fungus.UsfxrEditor", "Fungus.UsfxrEditor.csproj", "{131C3353-39B2-CBC3-B9DC-61029519268B}"
EndProject
Project("{FAE04EC0-301F-11D3-BF4B-00C04F79EFBC}") = "FungusEditor", "FungusEditor.csproj", "{2F1EE51E-7BDD-130B-5FF1-4C5B428A8D11}"
EndProject
Project("{FAE04EC0-301F-11D3-BF4B-00C04F79EFBC}") = "Fungus.FungusLuaJSONCheckerEditor", "Fungus.FungusLuaJSONCheckerEditor.csproj", "{7083FC1D-B914-C9A0-C6BE-3981CEF850D7}"
EndProject
Project("{FAE04EC0-301F-11D3-BF4B-00C04F79EFBC}") = "Fungus.LineEndingsEditor", "Fungus.LineEndingsEditor.csproj", "{71670F9B-FD79-B881-DE82-6CFB77232CEA}"
EndProject
Project("{FAE04EC0-301F-11D3-BF4B-00C04F79EFBC}") = "Fungus.FungusLuaEditor", "Fungus.FungusLuaEditor.csproj", "{FC703029-781B-E558-3A88-8B03740CB37F}"
EndProject
Global
	GlobalSection(SolutionConfigurationPlatforms) = preSolution
		Debug|Any CPU = Debug|Any CPU
		Release|Any CPU = Release|Any CPU
	EndGlobalSection
	GlobalSection(ProjectConfigurationPlatforms) = postSolution
		{55E97631-27B4-5169-4B85-6BD642651F93}.Debug|Any CPU.ActiveCfg = Debug|Any CPU
		{55E97631-27B4-5169-4B85-6BD642651F93}.Debug|Any CPU.Build.0 = Debug|Any CPU
		{55E97631-27B4-5169-4B85-6BD642651F93}.Release|Any CPU.ActiveCfg = Release|Any CPU
		{55E97631-27B4-5169-4B85-6BD642651F93}.Release|Any CPU.Build.0 = Release|Any CPU
		{1AD4158D-15AD-68C9-363E-26D1DE9018CD}.Debug|Any CPU.ActiveCfg = Debug|Any CPU
		{1AD4158D-15AD-68C9-363E-26D1DE9018CD}.Debug|Any CPU.Build.0 = Debug|Any CPU
		{1AD4158D-15AD-68C9-363E-26D1DE9018CD}.Release|Any CPU.ActiveCfg = Release|Any CPU
		{1AD4158D-15AD-68C9-363E-26D1DE9018CD}.Release|Any CPU.Build.0 = Release|Any CPU
		{CCE6FA62-857E-99D4-408C-638700D6F09F}.Debug|Any CPU.ActiveCfg = Debug|Any CPU
		{CCE6FA62-857E-99D4-408C-638700D6F09F}.Debug|Any CPU.Build.0 = Debug|Any CPU
		{CCE6FA62-857E-99D4-408C-638700D6F09F}.Release|Any CPU.ActiveCfg = Release|Any CPU
		{CCE6FA62-857E-99D4-408C-638700D6F09F}.Release|Any CPU.Build.0 = Release|Any CPU
		{131C3353-39B2-CBC3-B9DC-61029519268B}.Debug|Any CPU.ActiveCfg = Debug|Any CPU
		{131C3353-39B2-CBC3-B9DC-61029519268B}.Debug|Any CPU.Build.0 = Debug|Any CPU
		{131C3353-39B2-CBC3-B9DC-61029519268B}.Release|Any CPU.ActiveCfg = Release|Any CPU
		{131C3353-39B2-CBC3-B9DC-61029519268B}.Release|Any CPU.Build.0 = Release|Any CPU
		{2F1EE51E-7BDD-130B-5FF1-4C5B428A8D11}.Debug|Any CPU.ActiveCfg = Debug|Any CPU
		{2F1EE51E-7BDD-130B-5FF1-4C5B428A8D11}.Debug|Any CPU.Build.0 = Debug|Any CPU
		{2F1EE51E-7BDD-130B-5FF1-4C5B428A8D11}.Release|Any CPU.ActiveCfg = Release|Any CPU
		{2F1EE51E-7BDD-130B-5FF1-4C5B428A8D11}.Release|Any CPU.Build.0 = Release|Any CPU
		{7083FC1D-B914-C9A0-C6BE-3981CEF850D7}.Debug|Any CPU.ActiveCfg = Debug|Any CPU
		{7083FC1D-B914-C9A0-C6BE-3981CEF850D7}.Debug|Any CPU.Build.0 = Debug|Any CPU
		{7083FC1D-B914-C9A0-C6BE-3981CEF850D7}.Release|Any CPU.ActiveCfg = Release|Any CPU
		{7083FC1D-B914-C9A0-C6BE-3981CEF850D7}.Release|Any CPU.Build.0 = Release|Any CPU
		{71670F9B-FD79-B881-DE82-6CFB77232CEA}.Debug|Any CPU.ActiveCfg = Debug|Any CPU
		{71670F9B-FD79-B881-DE82-6CFB77232CEA}.Debug|Any CPU.Build.0 = Debug|Any CPU
		{71670F9B-FD79-B881-DE82-6CFB77232CEA}.Release|Any CPU.ActiveCfg = Release|Any CPU
		{71670F9B-FD79-B881-DE82-6CFB77232CEA}.Release|Any CPU.Build.0 = Release|Any CPU
		{FC703029-781B-E558-3A88-8B03740CB37F}.Debug|Any CPU.ActiveCfg = Debug|Any CPU
		{FC703029-781B-E558-3A88-8B03740CB37F}.Debug|Any CPU.Build.0 = Debug|Any CPU
		{FC703029-781B-E558-3A88-8B03740CB37F}.Release|Any CPU.ActiveCfg = Release|Any CPU
		{FC703029-781B-E558-3A88-8B03740CB37F}.Release|Any CPU.Build.0 = Release|Any CPU
	EndGlobalSection
	GlobalSection(SolutionProperties) = preSolution
		HideSolutionNode = FALSE
	EndGlobalSection
EndGlobal
